// !$*UTF8*$!
{
	archiveVersion = 1;
	classes = {
	};
	objectVersion = 55;
	objects = {

/* Begin PBXBuildFile section */
		3A0A4255295F1BF000811709 /* SearchResponse.swift in Sources */ = {isa = PBXBuildFile; fileRef = 3A0A4254295F1BF000811709 /* SearchResponse.swift */; };
		3A0A4258295F1CD600811709 /* APIService.swift in Sources */ = {isa = PBXBuildFile; fileRef = 3A0A4257295F1CD600811709 /* APIService.swift */; };
		3A0A425B295F281C00811709 /* Alamofire in Frameworks */ = {isa = PBXBuildFile; productRef = 3A0A425A295F281C00811709 /* Alamofire */; };
		3A0A425E295F30EB00811709 /* Search.storyboard in Resources */ = {isa = PBXBuildFile; fileRef = 3A0A425D295F30EB00811709 /* Search.storyboard */; };
		3A0A4260295F310500811709 /* SearchViewController.swift in Sources */ = {isa = PBXBuildFile; fileRef = 3A0A425F295F310500811709 /* SearchViewController.swift */; };
		3A180E55294CC40B001FFADC /* AppDelegate.swift in Sources */ = {isa = PBXBuildFile; fileRef = 3A180E54294CC40B001FFADC /* AppDelegate.swift */; };
		3A180E57294CC40B001FFADC /* SceneDelegate.swift in Sources */ = {isa = PBXBuildFile; fileRef = 3A180E56294CC40B001FFADC /* SceneDelegate.swift */; };
		3A180E59294CC40B001FFADC /* MainViewController.swift in Sources */ = {isa = PBXBuildFile; fileRef = 3A180E58294CC40B001FFADC /* MainViewController.swift */; };
		3A180E5C294CC40B001FFADC /* Main.storyboard in Resources */ = {isa = PBXBuildFile; fileRef = 3A180E5A294CC40B001FFADC /* Main.storyboard */; };
		3A180E5F294CC40B001FFADC /* PodcastsApp.xcdatamodeld in Sources */ = {isa = PBXBuildFile; fileRef = 3A180E5D294CC40B001FFADC /* PodcastsApp.xcdatamodeld */; };
		3A180E61294CC40C001FFADC /* Assets.xcassets in Resources */ = {isa = PBXBuildFile; fileRef = 3A180E60294CC40C001FFADC /* Assets.xcassets */; };
		3A180E64294CC40C001FFADC /* LaunchScreen.storyboard in Resources */ = {isa = PBXBuildFile; fileRef = 3A180E62294CC40C001FFADC /* LaunchScreen.storyboard */; };
		3A180E6E294CC438001FFADC /* Auth.storyboard in Resources */ = {isa = PBXBuildFile; fileRef = 3A180E6C294CC438001FFADC /* Auth.storyboard */; };
		3A180E6F294CC438001FFADC /* LoginViewController.swift in Sources */ = {isa = PBXBuildFile; fileRef = 3A180E6D294CC438001FFADC /* LoginViewController.swift */; };
		3A7753F5296415CD0067B3B8 /* SearchPodcastViewCell.swift in Sources */ = {isa = PBXBuildFile; fileRef = 3A7753F4296415CD0067B3B8 /* SearchPodcastViewCell.swift */; };
		3A7753F7296466BA0067B3B8 /* StringExtensions.swift in Sources */ = {isa = PBXBuildFile; fileRef = 3A7753F6296466BA0067B3B8 /* StringExtensions.swift */; };
		3A7753FA29646F090067B3B8 /* Episode.storyboard in Resources */ = {isa = PBXBuildFile; fileRef = 3A7753F929646F090067B3B8 /* Episode.storyboard */; };
		3A7753FC29646F240067B3B8 /* EpisodesViewController.swift in Sources */ = {isa = PBXBuildFile; fileRef = 3A7753FB29646F240067B3B8 /* EpisodesViewController.swift */; };
		3A7753FE29646FD80067B3B8 /* EpisodeViewCell.swift in Sources */ = {isa = PBXBuildFile; fileRef = 3A7753FD29646FD80067B3B8 /* EpisodeViewCell.swift */; };
		3A7754002964774C0067B3B8 /* BaseViewController.swift in Sources */ = {isa = PBXBuildFile; fileRef = 3A7753FF2964774C0067B3B8 /* BaseViewController.swift */; };
		3AA4ED822968501100A854B3 /* Player.storyboard in Resources */ = {isa = PBXBuildFile; fileRef = 3AA4ED812968501100A854B3 /* Player.storyboard */; };
		3AA4ED842968502400A854B3 /* PlayerViewController.swift in Sources */ = {isa = PBXBuildFile; fileRef = 3AA4ED832968502400A854B3 /* PlayerViewController.swift */; };
		3AA4ED8629685B2800A854B3 /* Episode.swift in Sources */ = {isa = PBXBuildFile; fileRef = 3AA4ED8529685B2800A854B3 /* Episode.swift */; };
		3AA4ED8729685BDB00A854B3 /* PlayerProvider.swift in Sources */ = {isa = PBXBuildFile; fileRef = 3AA4ED7E296843C400A854B3 /* PlayerProvider.swift */; };
		3AA4ED8929685FDB00A854B3 /* DoubleExtensions.swift in Sources */ = {isa = PBXBuildFile; fileRef = 3AA4ED8829685FDB00A854B3 /* DoubleExtensions.swift */; };
		3AB09FAD2951EEE000161F9B /* UIColorExtensions.swift in Sources */ = {isa = PBXBuildFile; fileRef = 3AB09FAC2951EEE000161F9B /* UIColorExtensions.swift */; };
		3AB09FAF2951F40B00161F9B /* RegisterViewController.swift in Sources */ = {isa = PBXBuildFile; fileRef = 3AB09FAE2951F40B00161F9B /* RegisterViewController.swift */; };
		3AB09FB1295202BD00161F9B /* UIViewControllerExtensions.swift in Sources */ = {isa = PBXBuildFile; fileRef = 3AB09FB0295202BD00161F9B /* UIViewControllerExtensions.swift */; };
		3ACE41512955DE5C00A2B11A /* HomeViewController.swift in Sources */ = {isa = PBXBuildFile; fileRef = 3ACE41502955DE5C00A2B11A /* HomeViewController.swift */; };
		3ACE41542955E00E00A2B11A /* Home.storyboard in Resources */ = {isa = PBXBuildFile; fileRef = 3ACE41532955E00E00A2B11A /* Home.storyboard */; };
		3ACE41562955EF9700A2B11A /* HomeRecentViewCell.swift in Sources */ = {isa = PBXBuildFile; fileRef = 3ACE41552955EF9700A2B11A /* HomeRecentViewCell.swift */; };
		3ADCFB85295B3468000B6446 /* Podcast.swift in Sources */ = {isa = PBXBuildFile; fileRef = 3ADCFB84295B3468000B6446 /* Podcast.swift */; };
		3ADCFB87295B3A20000B6446 /* HomeNewPodcastsViewCell.swift in Sources */ = {isa = PBXBuildFile; fileRef = 3ADCFB86295B3A20000B6446 /* HomeNewPodcastsViewCell.swift */; };
		3ADCFB89295B3B87000B6446 /* HomePodcastViewCell.swift in Sources */ = {isa = PBXBuildFile; fileRef = 3ADCFB88295B3B87000B6446 /* HomePodcastViewCell.swift */; };
		F2AA102931B9F518C47B07CD /* Pods_PodcastsApp.framework in Frameworks */ = {isa = PBXBuildFile; fileRef = 87883BB1B6EFA0787F1C068B /* Pods_PodcastsApp.framework */; };
/* End PBXBuildFile section */

/* Begin PBXFileReference section */
		2705A27EAB38E7EFCB53D8C3 /* Pods-PodcastsApp.debug.xcconfig */ = {isa = PBXFileReference; includeInIndex = 1; lastKnownFileType = text.xcconfig; name = "Pods-PodcastsApp.debug.xcconfig"; path = "Target Support Files/Pods-PodcastsApp/Pods-PodcastsApp.debug.xcconfig"; sourceTree = "<group>"; };
		3A0A4254295F1BF000811709 /* SearchResponse.swift */ = {isa = PBXFileReference; lastKnownFileType = sourcecode.swift; path = SearchResponse.swift; sourceTree = "<group>"; };
		3A0A4257295F1CD600811709 /* APIService.swift */ = {isa = PBXFileReference; lastKnownFileType = sourcecode.swift; path = APIService.swift; sourceTree = "<group>"; };
		3A0A425D295F30EB00811709 /* Search.storyboard */ = {isa = PBXFileReference; lastKnownFileType = file.storyboard; path = Search.storyboard; sourceTree = "<group>"; };
		3A0A425F295F310500811709 /* SearchViewController.swift */ = {isa = PBXFileReference; lastKnownFileType = sourcecode.swift; path = SearchViewController.swift; sourceTree = "<group>"; };
		3A180E51294CC40B001FFADC /* PodcastsApp.app */ = {isa = PBXFileReference; explicitFileType = wrapper.application; includeInIndex = 0; path = PodcastsApp.app; sourceTree = BUILT_PRODUCTS_DIR; };
		3A180E54294CC40B001FFADC /* AppDelegate.swift */ = {isa = PBXFileReference; lastKnownFileType = sourcecode.swift; path = AppDelegate.swift; sourceTree = "<group>"; };
		3A180E56294CC40B001FFADC /* SceneDelegate.swift */ = {isa = PBXFileReference; lastKnownFileType = sourcecode.swift; path = SceneDelegate.swift; sourceTree = "<group>"; };
		3A180E58294CC40B001FFADC /* MainViewController.swift */ = {isa = PBXFileReference; lastKnownFileType = sourcecode.swift; path = MainViewController.swift; sourceTree = "<group>"; };
		3A180E5B294CC40B001FFADC /* Base */ = {isa = PBXFileReference; lastKnownFileType = file.storyboard; name = Base; path = Base.lproj/Main.storyboard; sourceTree = "<group>"; };
		3A180E5E294CC40B001FFADC /* PodcastsApp.xcdatamodel */ = {isa = PBXFileReference; lastKnownFileType = wrapper.xcdatamodel; path = PodcastsApp.xcdatamodel; sourceTree = "<group>"; };
		3A180E60294CC40C001FFADC /* Assets.xcassets */ = {isa = PBXFileReference; lastKnownFileType = folder.assetcatalog; path = Assets.xcassets; sourceTree = "<group>"; };
		3A180E63294CC40C001FFADC /* Base */ = {isa = PBXFileReference; lastKnownFileType = file.storyboard; name = Base; path = Base.lproj/LaunchScreen.storyboard; sourceTree = "<group>"; };
		3A180E65294CC40C001FFADC /* Info.plist */ = {isa = PBXFileReference; lastKnownFileType = text.plist.xml; path = Info.plist; sourceTree = "<group>"; };
		3A180E6C294CC438001FFADC /* Auth.storyboard */ = {isa = PBXFileReference; fileEncoding = 4; lastKnownFileType = file.storyboard; path = Auth.storyboard; sourceTree = "<group>"; };
		3A180E6D294CC438001FFADC /* LoginViewController.swift */ = {isa = PBXFileReference; fileEncoding = 4; lastKnownFileType = sourcecode.swift; path = LoginViewController.swift; sourceTree = "<group>"; };
		3A7753F4296415CD0067B3B8 /* SearchPodcastViewCell.swift */ = {isa = PBXFileReference; lastKnownFileType = sourcecode.swift; path = SearchPodcastViewCell.swift; sourceTree = "<group>"; };
		3A7753F6296466BA0067B3B8 /* StringExtensions.swift */ = {isa = PBXFileReference; lastKnownFileType = sourcecode.swift; path = StringExtensions.swift; sourceTree = "<group>"; };
		3A7753F929646F090067B3B8 /* Episode.storyboard */ = {isa = PBXFileReference; lastKnownFileType = file.storyboard; path = Episode.storyboard; sourceTree = "<group>"; };
		3A7753FB29646F240067B3B8 /* EpisodesViewController.swift */ = {isa = PBXFileReference; lastKnownFileType = sourcecode.swift; path = EpisodesViewController.swift; sourceTree = "<group>"; };
		3A7753FD29646FD80067B3B8 /* EpisodeViewCell.swift */ = {isa = PBXFileReference; lastKnownFileType = sourcecode.swift; path = EpisodeViewCell.swift; sourceTree = "<group>"; };
		3A7753FF2964774C0067B3B8 /* BaseViewController.swift */ = {isa = PBXFileReference; lastKnownFileType = sourcecode.swift; path = BaseViewController.swift; sourceTree = "<group>"; };
		3AA4ED7E296843C400A854B3 /* PlayerProvider.swift */ = {isa = PBXFileReference; fileEncoding = 4; lastKnownFileType = sourcecode.swift; path = PlayerProvider.swift; sourceTree = "<group>"; };
		3AA4ED812968501100A854B3 /* Player.storyboard */ = {isa = PBXFileReference; lastKnownFileType = file.storyboard; path = Player.storyboard; sourceTree = "<group>"; };
		3AA4ED832968502400A854B3 /* PlayerViewController.swift */ = {isa = PBXFileReference; lastKnownFileType = sourcecode.swift; path = PlayerViewController.swift; sourceTree = "<group>"; };
		3AA4ED8529685B2800A854B3 /* Episode.swift */ = {isa = PBXFileReference; lastKnownFileType = sourcecode.swift; path = Episode.swift; sourceTree = "<group>"; };
		3AA4ED8829685FDB00A854B3 /* DoubleExtensions.swift */ = {isa = PBXFileReference; lastKnownFileType = sourcecode.swift; path = DoubleExtensions.swift; sourceTree = "<group>"; };
		3AB09FAC2951EEE000161F9B /* UIColorExtensions.swift */ = {isa = PBXFileReference; lastKnownFileType = sourcecode.swift; path = UIColorExtensions.swift; sourceTree = "<group>"; };
		3AB09FAE2951F40B00161F9B /* RegisterViewController.swift */ = {isa = PBXFileReference; lastKnownFileType = sourcecode.swift; path = RegisterViewController.swift; sourceTree = "<group>"; };
		3AB09FB0295202BD00161F9B /* UIViewControllerExtensions.swift */ = {isa = PBXFileReference; lastKnownFileType = sourcecode.swift; path = UIViewControllerExtensions.swift; sourceTree = "<group>"; };
		3ACE41502955DE5C00A2B11A /* HomeViewController.swift */ = {isa = PBXFileReference; lastKnownFileType = sourcecode.swift; path = HomeViewController.swift; sourceTree = "<group>"; };
		3ACE41532955E00E00A2B11A /* Home.storyboard */ = {isa = PBXFileReference; lastKnownFileType = file.storyboard; path = Home.storyboard; sourceTree = "<group>"; };
		3ACE41552955EF9700A2B11A /* HomeRecentViewCell.swift */ = {isa = PBXFileReference; lastKnownFileType = sourcecode.swift; path = HomeRecentViewCell.swift; sourceTree = "<group>"; };
		3ADCFB84295B3468000B6446 /* Podcast.swift */ = {isa = PBXFileReference; lastKnownFileType = sourcecode.swift; path = Podcast.swift; sourceTree = "<group>"; };
		3ADCFB86295B3A20000B6446 /* HomeNewPodcastsViewCell.swift */ = {isa = PBXFileReference; lastKnownFileType = sourcecode.swift; path = HomeNewPodcastsViewCell.swift; sourceTree = "<group>"; };
		3ADCFB88295B3B87000B6446 /* HomePodcastViewCell.swift */ = {isa = PBXFileReference; lastKnownFileType = sourcecode.swift; path = HomePodcastViewCell.swift; sourceTree = "<group>"; };
		87883BB1B6EFA0787F1C068B /* Pods_PodcastsApp.framework */ = {isa = PBXFileReference; explicitFileType = wrapper.framework; includeInIndex = 0; path = Pods_PodcastsApp.framework; sourceTree = BUILT_PRODUCTS_DIR; };
		AA30822238247DBF5F068C6F /* Pods-PodcastsApp.release.xcconfig */ = {isa = PBXFileReference; includeInIndex = 1; lastKnownFileType = text.xcconfig; name = "Pods-PodcastsApp.release.xcconfig"; path = "Target Support Files/Pods-PodcastsApp/Pods-PodcastsApp.release.xcconfig"; sourceTree = "<group>"; };
/* End PBXFileReference section */

/* Begin PBXFrameworksBuildPhase section */
		3A180E4E294CC40B001FFADC /* Frameworks */ = {
			isa = PBXFrameworksBuildPhase;
			buildActionMask = 2147483647;
			files = (
				3A0A425B295F281C00811709 /* Alamofire in Frameworks */,
				F2AA102931B9F518C47B07CD /* Pods_PodcastsApp.framework in Frameworks */,
			);
			runOnlyForDeploymentPostprocessing = 0;
		};
/* End PBXFrameworksBuildPhase section */

/* Begin PBXGroup section */
		1915DBEF768C4FAF18A8D278 /* Pods */ = {
			isa = PBXGroup;
			children = (
				2705A27EAB38E7EFCB53D8C3 /* Pods-PodcastsApp.debug.xcconfig */,
				AA30822238247DBF5F068C6F /* Pods-PodcastsApp.release.xcconfig */,
			);
			path = Pods;
			sourceTree = "<group>";
		};
		31101EFCD2A214A8FAC91B75 /* Frameworks */ = {
			isa = PBXGroup;
			children = (
				87883BB1B6EFA0787F1C068B /* Pods_PodcastsApp.framework */,
			);
			name = Frameworks;
			sourceTree = "<group>";
		};
		3A0A4256295F1CBE00811709 /* API */ = {
			isa = PBXGroup;
			children = (
				3A0A4257295F1CD600811709 /* APIService.swift */,
				3AA4ED7E296843C400A854B3 /* PlayerProvider.swift */,
			);
			path = API;
			sourceTree = "<group>";
		};
		3A0A425C295F30D200811709 /* Search */ = {
			isa = PBXGroup;
			children = (
				3A0A425D295F30EB00811709 /* Search.storyboard */,
				3A0A425F295F310500811709 /* SearchViewController.swift */,
				3A7753F4296415CD0067B3B8 /* SearchPodcastViewCell.swift */,
			);
			path = Search;
			sourceTree = "<group>";
		};
		3A180E48294CC40B001FFADC = {
			isa = PBXGroup;
			children = (
				3A180E53294CC40B001FFADC /* PodcastsApp */,
				3A180E52294CC40B001FFADC /* Products */,
				1915DBEF768C4FAF18A8D278 /* Pods */,
				31101EFCD2A214A8FAC91B75 /* Frameworks */,
			);
			sourceTree = "<group>";
		};
		3A180E52294CC40B001FFADC /* Products */ = {
			isa = PBXGroup;
			children = (
				3A180E51294CC40B001FFADC /* PodcastsApp.app */,
			);
			name = Products;
			sourceTree = "<group>";
		};
		3A180E53294CC40B001FFADC /* PodcastsApp */ = {
			isa = PBXGroup;
			children = (
				3A0A4256295F1CBE00811709 /* API */,
				3ADCFB83295B3457000B6446 /* Models */,
				3AB09FAB2951EEB600161F9B /* Extensions */,
				3A180E70294CC43B001FFADC /* Modules */,
				3A180E54294CC40B001FFADC /* AppDelegate.swift */,
				3A180E56294CC40B001FFADC /* SceneDelegate.swift */,
				3A180E60294CC40C001FFADC /* Assets.xcassets */,
				3A180E62294CC40C001FFADC /* LaunchScreen.storyboard */,
				3A180E65294CC40C001FFADC /* Info.plist */,
				3A180E5D294CC40B001FFADC /* PodcastsApp.xcdatamodeld */,
			);
			path = PodcastsApp;
			sourceTree = "<group>";
		};
		3A180E6B294CC438001FFADC /* Auth */ = {
			isa = PBXGroup;
			children = (
				3A180E6C294CC438001FFADC /* Auth.storyboard */,
				3A180E6D294CC438001FFADC /* LoginViewController.swift */,
				3AB09FAE2951F40B00161F9B /* RegisterViewController.swift */,
			);
			path = Auth;
			sourceTree = "<group>";
		};
		3A180E70294CC43B001FFADC /* Modules */ = {
			isa = PBXGroup;
			children = (
				3A7753FF2964774C0067B3B8 /* BaseViewController.swift */,
				3AA4ED802968500100A854B3 /* Player */,
				3A7753F829646EF20067B3B8 /* Episode */,
				3ACE41522955DFFD00A2B11A /* Home */,
				3A0A425C295F30D200811709 /* Search */,
				3A180E71294CC443001FFADC /* Main */,
				3A180E6B294CC438001FFADC /* Auth */,
			);
			path = Modules;
			sourceTree = "<group>";
		};
		3A180E71294CC443001FFADC /* Main */ = {
			isa = PBXGroup;
			children = (
				3A180E5A294CC40B001FFADC /* Main.storyboard */,
				3A180E58294CC40B001FFADC /* MainViewController.swift */,
			);
			path = Main;
			sourceTree = "<group>";
		};
		3A7753F829646EF20067B3B8 /* Episode */ = {
			isa = PBXGroup;
			children = (
				3A7753F929646F090067B3B8 /* Episode.storyboard */,
				3A7753FB29646F240067B3B8 /* EpisodesViewController.swift */,
				3A7753FD29646FD80067B3B8 /* EpisodeViewCell.swift */,
			);
			path = Episode;
			sourceTree = "<group>";
		};
		3AA4ED802968500100A854B3 /* Player */ = {
			isa = PBXGroup;
			children = (
				3AA4ED812968501100A854B3 /* Player.storyboard */,
				3AA4ED832968502400A854B3 /* PlayerViewController.swift */,
			);
			path = Player;
			sourceTree = "<group>";
		};
		3AB09FAB2951EEB600161F9B /* Extensions */ = {
			isa = PBXGroup;
			children = (
				3AB09FAC2951EEE000161F9B /* UIColorExtensions.swift */,
				3AB09FB0295202BD00161F9B /* UIViewControllerExtensions.swift */,
				3A7753F6296466BA0067B3B8 /* StringExtensions.swift */,
				3AA4ED8829685FDB00A854B3 /* DoubleExtensions.swift */,
			);
			path = Extensions;
			sourceTree = "<group>";
		};
		3ACE41522955DFFD00A2B11A /* Home */ = {
			isa = PBXGroup;
			children = (
				3ACE41532955E00E00A2B11A /* Home.storyboard */,
				3ACE41502955DE5C00A2B11A /* HomeViewController.swift */,
				3ADCFB86295B3A20000B6446 /* HomeNewPodcastsViewCell.swift */,
				3ADCFB88295B3B87000B6446 /* HomePodcastViewCell.swift */,
				3ACE41552955EF9700A2B11A /* HomeRecentViewCell.swift */,
			);
			path = Home;
			sourceTree = "<group>";
		};
		3ADCFB83295B3457000B6446 /* Models */ = {
			isa = PBXGroup;
			children = (
				3ADCFB84295B3468000B6446 /* Podcast.swift */,
				3AA4ED8529685B2800A854B3 /* Episode.swift */,
				3A0A4254295F1BF000811709 /* SearchResponse.swift */,
			);
			path = Models;
			sourceTree = "<group>";
		};
/* End PBXGroup section */

/* Begin PBXNativeTarget section */
		3A180E50294CC40B001FFADC /* PodcastsApp */ = {
			isa = PBXNativeTarget;
			buildConfigurationList = 3A180E68294CC40C001FFADC /* Build configuration list for PBXNativeTarget "PodcastsApp" */;
			buildPhases = (
				44BC382640A176C16DED3AC7 /* [CP] Check Pods Manifest.lock */,
				3A180E4D294CC40B001FFADC /* Sources */,
				3A180E4E294CC40B001FFADC /* Frameworks */,
				3A180E4F294CC40B001FFADC /* Resources */,
				FEEC038ABC0BE3FEB7427AC6 /* [CP] Embed Pods Frameworks */,
			);
			buildRules = (
			);
			dependencies = (
			);
			name = PodcastsApp;
			packageProductDependencies = (
				3A0A425A295F281C00811709 /* Alamofire */,
			);
			productName = PodcastsApp;
			productReference = 3A180E51294CC40B001FFADC /* PodcastsApp.app */;
			productType = "com.apple.product-type.application";
		};
/* End PBXNativeTarget section */

/* Begin PBXProject section */
		3A180E49294CC40B001FFADC /* Project object */ = {
			isa = PBXProject;
			attributes = {
				BuildIndependentTargetsInParallel = 1;
				LastSwiftUpdateCheck = 1420;
				LastUpgradeCheck = 1420;
				TargetAttributes = {
					3A180E50294CC40B001FFADC = {
						CreatedOnToolsVersion = 14.2;
					};
				};
			};
			buildConfigurationList = 3A180E4C294CC40B001FFADC /* Build configuration list for PBXProject "PodcastsApp" */;
			compatibilityVersion = "Xcode 13.0";
			developmentRegion = en;
			hasScannedForEncodings = 0;
			knownRegions = (
				en,
				Base,
			);
			mainGroup = 3A180E48294CC40B001FFADC;
			packageReferences = (
				3A0A4259295F281C00811709 /* XCRemoteSwiftPackageReference "Alamofire" */,
			);
			productRefGroup = 3A180E52294CC40B001FFADC /* Products */;
			projectDirPath = "";
			projectRoot = "";
			targets = (
				3A180E50294CC40B001FFADC /* PodcastsApp */,
			);
		};
/* End PBXProject section */

/* Begin PBXResourcesBuildPhase section */
		3A180E4F294CC40B001FFADC /* Resources */ = {
			isa = PBXResourcesBuildPhase;
			buildActionMask = 2147483647;
			files = (
				3A180E6E294CC438001FFADC /* Auth.storyboard in Resources */,
				3A7753FA29646F090067B3B8 /* Episode.storyboard in Resources */,
				3ACE41542955E00E00A2B11A /* Home.storyboard in Resources */,
				3A180E64294CC40C001FFADC /* LaunchScreen.storyboard in Resources */,
				3A180E61294CC40C001FFADC /* Assets.xcassets in Resources */,
				3AA4ED822968501100A854B3 /* Player.storyboard in Resources */,
				3A0A425E295F30EB00811709 /* Search.storyboard in Resources */,
				3A180E5C294CC40B001FFADC /* Main.storyboard in Resources */,
			);
			runOnlyForDeploymentPostprocessing = 0;
		};
/* End PBXResourcesBuildPhase section */

/* Begin PBXShellScriptBuildPhase section */
		44BC382640A176C16DED3AC7 /* [CP] Check Pods Manifest.lock */ = {
			isa = PBXShellScriptBuildPhase;
			buildActionMask = 2147483647;
			files = (
			);
			inputFileListPaths = (
			);
			inputPaths = (
				"${PODS_PODFILE_DIR_PATH}/Podfile.lock",
				"${PODS_ROOT}/Manifest.lock",
			);
			name = "[CP] Check Pods Manifest.lock";
			outputFileListPaths = (
			);
			outputPaths = (
				"$(DERIVED_FILE_DIR)/Pods-PodcastsApp-checkManifestLockResult.txt",
			);
			runOnlyForDeploymentPostprocessing = 0;
			shellPath = /bin/sh;
			shellScript = "diff \"${PODS_PODFILE_DIR_PATH}/Podfile.lock\" \"${PODS_ROOT}/Manifest.lock\" > /dev/null\nif [ $? != 0 ] ; then\n    # print error to STDERR\n    echo \"error: The sandbox is not in sync with the Podfile.lock. Run 'pod install' or update your CocoaPods installation.\" >&2\n    exit 1\nfi\n# This output is used by Xcode 'outputs' to avoid re-running this script phase.\necho \"SUCCESS\" > \"${SCRIPT_OUTPUT_FILE_0}\"\n";
			showEnvVarsInLog = 0;
		};
		FEEC038ABC0BE3FEB7427AC6 /* [CP] Embed Pods Frameworks */ = {
			isa = PBXShellScriptBuildPhase;
			buildActionMask = 2147483647;
			files = (
			);
			inputFileListPaths = (
				"${PODS_ROOT}/Target Support Files/Pods-PodcastsApp/Pods-PodcastsApp-frameworks-${CONFIGURATION}-input-files.xcfilelist",
			);
			name = "[CP] Embed Pods Frameworks";
			outputFileListPaths = (
				"${PODS_ROOT}/Target Support Files/Pods-PodcastsApp/Pods-PodcastsApp-frameworks-${CONFIGURATION}-output-files.xcfilelist",
			);
			runOnlyForDeploymentPostprocessing = 0;
			shellPath = /bin/sh;
			shellScript = "\"${PODS_ROOT}/Target Support Files/Pods-PodcastsApp/Pods-PodcastsApp-frameworks.sh\"\n";
			showEnvVarsInLog = 0;
		};
/* End PBXShellScriptBuildPhase section */

/* Begin PBXSourcesBuildPhase section */
		3A180E4D294CC40B001FFADC /* Sources */ = {
			isa = PBXSourcesBuildPhase;
			buildActionMask = 2147483647;
			files = (
				3A0A4255295F1BF000811709 /* SearchResponse.swift in Sources */,
				3A0A4258295F1CD600811709 /* APIService.swift in Sources */,
				3AB09FB1295202BD00161F9B /* UIViewControllerExtensions.swift in Sources */,
				3A180E59294CC40B001FFADC /* MainViewController.swift in Sources */,
				3A180E55294CC40B001FFADC /* AppDelegate.swift in Sources */,
				3A7754002964774C0067B3B8 /* BaseViewController.swift in Sources */,
				3ADCFB87295B3A20000B6446 /* HomeNewPodcastsViewCell.swift in Sources */,
				3A7753F5296415CD0067B3B8 /* SearchPodcastViewCell.swift in Sources */,
				3AB09FAF2951F40B00161F9B /* RegisterViewController.swift in Sources */,
				3AA4ED842968502400A854B3 /* PlayerViewController.swift in Sources */,
				3ACE41562955EF9700A2B11A /* HomeRecentViewCell.swift in Sources */,
				3A7753FC29646F240067B3B8 /* EpisodesViewController.swift in Sources */,
				3AA4ED8929685FDB00A854B3 /* DoubleExtensions.swift in Sources */,
				3ADCFB89295B3B87000B6446 /* HomePodcastViewCell.swift in Sources */,
				3A180E5F294CC40B001FFADC /* PodcastsApp.xcdatamodeld in Sources */,
				3AA4ED8629685B2800A854B3 /* Episode.swift in Sources */,
				3A7753FE29646FD80067B3B8 /* EpisodeViewCell.swift in Sources */,
				3A0A4260295F310500811709 /* SearchViewController.swift in Sources */,
				3A7753F7296466BA0067B3B8 /* StringExtensions.swift in Sources */,
				3ACE41512955DE5C00A2B11A /* HomeViewController.swift in Sources */,
				3ADCFB85295B3468000B6446 /* Podcast.swift in Sources */,
				3AB09FAD2951EEE000161F9B /* UIColorExtensions.swift in Sources */,
				3A180E6F294CC438001FFADC /* LoginViewController.swift in Sources */,
				3A180E57294CC40B001FFADC /* SceneDelegate.swift in Sources */,
				3AA4ED8729685BDB00A854B3 /* PlayerProvider.swift in Sources */,
			);
			runOnlyForDeploymentPostprocessing = 0;
		};
/* End PBXSourcesBuildPhase section */

/* Begin PBXVariantGroup section */
		3A180E5A294CC40B001FFADC /* Main.storyboard */ = {
			isa = PBXVariantGroup;
			children = (
				3A180E5B294CC40B001FFADC /* Base */,
			);
			name = Main.storyboard;
			sourceTree = "<group>";
		};
		3A180E62294CC40C001FFADC /* LaunchScreen.storyboard */ = {
			isa = PBXVariantGroup;
			children = (
				3A180E63294CC40C001FFADC /* Base */,
			);
			name = LaunchScreen.storyboard;
			sourceTree = "<group>";
		};
/* End PBXVariantGroup section */

/* Begin XCBuildConfiguration section */
		3A180E66294CC40C001FFADC /* Debug */ = {
			isa = XCBuildConfiguration;
			buildSettings = {
				ALWAYS_SEARCH_USER_PATHS = NO;
				CLANG_ANALYZER_NONNULL = YES;
				CLANG_ANALYZER_NUMBER_OBJECT_CONVERSION = YES_AGGRESSIVE;
				CLANG_CXX_LANGUAGE_STANDARD = "gnu++20";
				CLANG_ENABLE_MODULES = YES;
				CLANG_ENABLE_OBJC_ARC = YES;
				CLANG_ENABLE_OBJC_WEAK = YES;
				CLANG_WARN_BLOCK_CAPTURE_AUTORELEASING = YES;
				CLANG_WARN_BOOL_CONVERSION = YES;
				CLANG_WARN_COMMA = YES;
				CLANG_WARN_CONSTANT_CONVERSION = YES;
				CLANG_WARN_DEPRECATED_OBJC_IMPLEMENTATIONS = YES;
				CLANG_WARN_DIRECT_OBJC_ISA_USAGE = YES_ERROR;
				CLANG_WARN_DOCUMENTATION_COMMENTS = YES;
				CLANG_WARN_EMPTY_BODY = YES;
				CLANG_WARN_ENUM_CONVERSION = YES;
				CLANG_WARN_INFINITE_RECURSION = YES;
				CLANG_WARN_INT_CONVERSION = YES;
				CLANG_WARN_NON_LITERAL_NULL_CONVERSION = YES;
				CLANG_WARN_OBJC_IMPLICIT_RETAIN_SELF = YES;
				CLANG_WARN_OBJC_LITERAL_CONVERSION = YES;
				CLANG_WARN_OBJC_ROOT_CLASS = YES_ERROR;
				CLANG_WARN_QUOTED_INCLUDE_IN_FRAMEWORK_HEADER = YES;
				CLANG_WARN_RANGE_LOOP_ANALYSIS = YES;
				CLANG_WARN_STRICT_PROTOTYPES = YES;
				CLANG_WARN_SUSPICIOUS_MOVE = YES;
				CLANG_WARN_UNGUARDED_AVAILABILITY = YES_AGGRESSIVE;
				CLANG_WARN_UNREACHABLE_CODE = YES;
				CLANG_WARN__DUPLICATE_METHOD_MATCH = YES;
				COPY_PHASE_STRIP = NO;
				DEBUG_INFORMATION_FORMAT = dwarf;
				ENABLE_STRICT_OBJC_MSGSEND = YES;
				ENABLE_TESTABILITY = YES;
				GCC_C_LANGUAGE_STANDARD = gnu11;
				GCC_DYNAMIC_NO_PIC = NO;
				GCC_NO_COMMON_BLOCKS = YES;
				GCC_OPTIMIZATION_LEVEL = 0;
				GCC_PREPROCESSOR_DEFINITIONS = (
					"DEBUG=1",
					"$(inherited)",
				);
				GCC_WARN_64_TO_32_BIT_CONVERSION = YES;
				GCC_WARN_ABOUT_RETURN_TYPE = YES_ERROR;
				GCC_WARN_UNDECLARED_SELECTOR = YES;
				GCC_WARN_UNINITIALIZED_AUTOS = YES_AGGRESSIVE;
				GCC_WARN_UNUSED_FUNCTION = YES;
				GCC_WARN_UNUSED_VARIABLE = YES;
				IPHONEOS_DEPLOYMENT_TARGET = 16.2;
				MTL_ENABLE_DEBUG_INFO = INCLUDE_SOURCE;
				MTL_FAST_MATH = YES;
				ONLY_ACTIVE_ARCH = YES;
				SDKROOT = iphoneos;
				SWIFT_ACTIVE_COMPILATION_CONDITIONS = DEBUG;
				SWIFT_OPTIMIZATION_LEVEL = "-Onone";
			};
			name = Debug;
		};
		3A180E67294CC40C001FFADC /* Release */ = {
			isa = XCBuildConfiguration;
			buildSettings = {
				ALWAYS_SEARCH_USER_PATHS = NO;
				CLANG_ANALYZER_NONNULL = YES;
				CLANG_ANALYZER_NUMBER_OBJECT_CONVERSION = YES_AGGRESSIVE;
				CLANG_CXX_LANGUAGE_STANDARD = "gnu++20";
				CLANG_ENABLE_MODULES = YES;
				CLANG_ENABLE_OBJC_ARC = YES;
				CLANG_ENABLE_OBJC_WEAK = YES;
				CLANG_WARN_BLOCK_CAPTURE_AUTORELEASING = YES;
				CLANG_WARN_BOOL_CONVERSION = YES;
				CLANG_WARN_COMMA = YES;
				CLANG_WARN_CONSTANT_CONVERSION = YES;
				CLANG_WARN_DEPRECATED_OBJC_IMPLEMENTATIONS = YES;
				CLANG_WARN_DIRECT_OBJC_ISA_USAGE = YES_ERROR;
				CLANG_WARN_DOCUMENTATION_COMMENTS = YES;
				CLANG_WARN_EMPTY_BODY = YES;
				CLANG_WARN_ENUM_CONVERSION = YES;
				CLANG_WARN_INFINITE_RECURSION = YES;
				CLANG_WARN_INT_CONVERSION = YES;
				CLANG_WARN_NON_LITERAL_NULL_CONVERSION = YES;
				CLANG_WARN_OBJC_IMPLICIT_RETAIN_SELF = YES;
				CLANG_WARN_OBJC_LITERAL_CONVERSION = YES;
				CLANG_WARN_OBJC_ROOT_CLASS = YES_ERROR;
				CLANG_WARN_QUOTED_INCLUDE_IN_FRAMEWORK_HEADER = YES;
				CLANG_WARN_RANGE_LOOP_ANALYSIS = YES;
				CLANG_WARN_STRICT_PROTOTYPES = YES;
				CLANG_WARN_SUSPICIOUS_MOVE = YES;
				CLANG_WARN_UNGUARDED_AVAILABILITY = YES_AGGRESSIVE;
				CLANG_WARN_UNREACHABLE_CODE = YES;
				CLANG_WARN__DUPLICATE_METHOD_MATCH = YES;
				COPY_PHASE_STRIP = NO;
				DEBUG_INFORMATION_FORMAT = "dwarf-with-dsym";
				ENABLE_NS_ASSERTIONS = NO;
				ENABLE_STRICT_OBJC_MSGSEND = YES;
				GCC_C_LANGUAGE_STANDARD = gnu11;
				GCC_NO_COMMON_BLOCKS = YES;
				GCC_WARN_64_TO_32_BIT_CONVERSION = YES;
				GCC_WARN_ABOUT_RETURN_TYPE = YES_ERROR;
				GCC_WARN_UNDECLARED_SELECTOR = YES;
				GCC_WARN_UNINITIALIZED_AUTOS = YES_AGGRESSIVE;
				GCC_WARN_UNUSED_FUNCTION = YES;
				GCC_WARN_UNUSED_VARIABLE = YES;
				IPHONEOS_DEPLOYMENT_TARGET = 16.2;
				MTL_ENABLE_DEBUG_INFO = NO;
				MTL_FAST_MATH = YES;
				SDKROOT = iphoneos;
				SWIFT_COMPILATION_MODE = wholemodule;
				SWIFT_OPTIMIZATION_LEVEL = "-O";
				VALIDATE_PRODUCT = YES;
			};
			name = Release;
		};
		3A180E69294CC40C001FFADC /* Debug */ = {
			isa = XCBuildConfiguration;
			baseConfigurationReference = 2705A27EAB38E7EFCB53D8C3 /* Pods-PodcastsApp.debug.xcconfig */;
			buildSettings = {
				ASSETCATALOG_COMPILER_APPICON_NAME = AppIcon;
				ASSETCATALOG_COMPILER_GLOBAL_ACCENT_COLOR_NAME = AccentColor;
				CODE_SIGN_STYLE = Automatic;
				CURRENT_PROJECT_VERSION = 1;
				DEVELOPMENT_TEAM = MY9GHM6UCV;
				GENERATE_INFOPLIST_FILE = YES;
				INFOPLIST_FILE = PodcastsApp/Info.plist;
				INFOPLIST_KEY_UIApplicationSupportsIndirectInputEvents = YES;
				INFOPLIST_KEY_UILaunchStoryboardName = LaunchScreen;
				INFOPLIST_KEY_UIMainStoryboardFile = Main;
				INFOPLIST_KEY_UISupportedInterfaceOrientations_iPad = "UIInterfaceOrientationPortrait UIInterfaceOrientationPortraitUpsideDown UIInterfaceOrientationLandscapeLeft UIInterfaceOrientationLandscapeRight";
				INFOPLIST_KEY_UISupportedInterfaceOrientations_iPhone = "UIInterfaceOrientationPortrait UIInterfaceOrientationLandscapeLeft UIInterfaceOrientationLandscapeRight";
				INFOPLIST_KEY_UIUserInterfaceStyle = Dark;
				IPHONEOS_DEPLOYMENT_TARGET = 13.0;
				LD_RUNPATH_SEARCH_PATHS = (
					"$(inherited)",
					"@executable_path/Frameworks",
				);
				MARKETING_VERSION = 1.0;
				PRODUCT_BUNDLE_IDENTIFIER = com.bauywy.PodcastsApp;
				PRODUCT_NAME = "$(TARGET_NAME)";
				SWIFT_EMIT_LOC_STRINGS = YES;
				SWIFT_VERSION = 5.0;
				TARGETED_DEVICE_FAMILY = "1,2";
			};
			name = Debug;
		};
		3A180E6A294CC40C001FFADC /* Release */ = {
			isa = XCBuildConfiguration;
			baseConfigurationReference = AA30822238247DBF5F068C6F /* Pods-PodcastsApp.release.xcconfig */;
			buildSettings = {
				ASSETCATALOG_COMPILER_APPICON_NAME = AppIcon;
				ASSETCATALOG_COMPILER_GLOBAL_ACCENT_COLOR_NAME = AccentColor;
				CODE_SIGN_STYLE = Automatic;
				CURRENT_PROJECT_VERSION = 1;
				DEVELOPMENT_TEAM = MY9GHM6UCV;
				GENERATE_INFOPLIST_FILE = YES;
				INFOPLIST_FILE = PodcastsApp/Info.plist;
				INFOPLIST_KEY_UIApplicationSupportsIndirectInputEvents = YES;
				INFOPLIST_KEY_UILaunchStoryboardName = LaunchScreen;
				INFOPLIST_KEY_UIMainStoryboardFile = Main;
				INFOPLIST_KEY_UISupportedInterfaceOrientations_iPad = "UIInterfaceOrientationPortrait UIInterfaceOrientationPortraitUpsideDown UIInterfaceOrientationLandscapeLeft UIInterfaceOrientationLandscapeRight";
				INFOPLIST_KEY_UISupportedInterfaceOrientations_iPhone = "UIInterfaceOrientationPortrait UIInterfaceOrientationLandscapeLeft UIInterfaceOrientationLandscapeRight";
				INFOPLIST_KEY_UIUserInterfaceStyle = Dark;
				IPHONEOS_DEPLOYMENT_TARGET = 13.0;
				LD_RUNPATH_SEARCH_PATHS = (
					"$(inherited)",
					"@executable_path/Frameworks",
				);
				MARKETING_VERSION = 1.0;
				PRODUCT_BUNDLE_IDENTIFIER = com.bauywy.PodcastsApp;
				PRODUCT_NAME = "$(TARGET_NAME)";
				SWIFT_EMIT_LOC_STRINGS = YES;
				SWIFT_VERSION = 5.0;
				TARGETED_DEVICE_FAMILY = "1,2";
			};
			name = Release;
		};
/* End XCBuildConfiguration section */

/* Begin XCConfigurationList section */
		3A180E4C294CC40B001FFADC /* Build configuration list for PBXProject "PodcastsApp" */ = {
			isa = XCConfigurationList;
			buildConfigurations = (
				3A180E66294CC40C001FFADC /* Debug */,
				3A180E67294CC40C001FFADC /* Release */,
			);
			defaultConfigurationIsVisible = 0;
			defaultConfigurationName = Release;
		};
		3A180E68294CC40C001FFADC /* Build configuration list for PBXNativeTarget "PodcastsApp" */ = {
			isa = XCConfigurationList;
			buildConfigurations = (
				3A180E69294CC40C001FFADC /* Debug */,
				3A180E6A294CC40C001FFADC /* Release */,
			);
			defaultConfigurationIsVisible = 0;
			defaultConfigurationName = Release;
		};
/* End XCConfigurationList section */

/* Begin XCRemoteSwiftPackageReference section */
		3A0A4259295F281C00811709 /* XCRemoteSwiftPackageReference "Alamofire" */ = {
			isa = XCRemoteSwiftPackageReference;
			repositoryURL = "https://github.com/Alamofire/Alamofire.git";
			requirement = {
				kind = upToNextMajorVersion;
				minimumVersion = 5.6.1;
			};
		};
/* End XCRemoteSwiftPackageReference section */

/* Begin XCSwiftPackageProductDependency section */
		3A0A425A295F281C00811709 /* Alamofire */ = {
			isa = XCSwiftPackageProductDependency;
			package = 3A0A4259295F281C00811709 /* XCRemoteSwiftPackageReference "Alamofire" */;
			productName = Alamofire;
		};
/* End XCSwiftPackageProductDependency section */

/* Begin XCVersionGroup section */
		3A180E5D294CC40B001FFADC /* PodcastsApp.xcdatamodeld */ = {
			isa = XCVersionGroup;
			children = (
				3A180E5E294CC40B001FFADC /* PodcastsApp.xcdatamodel */,
			);
			currentVersion = 3A180E5E294CC40B001FFADC /* PodcastsApp.xcdatamodel */;
			path = PodcastsApp.xcdatamodeld;
			sourceTree = "<group>";
			versionGroupType = wrapper.xcdatamodel;
		};
/* End XCVersionGroup section */
	};
	rootObject = 3A180E49294CC40B001FFADC /* Project object */;
}
